{
  "name": "carve-grammars",
  "version": "0.3.0",
  "lockfileVersion": 3,
  "requires": true,
  "packages": {
    "": {
      "name": "carve-grammars",
      "version": "0.3.0",
      "license": "MIT",
      "peerDependencies": {
        "@tiptap/core": "^2",
        "@tiptap/extension-underline": "^2",
        "@tiptap/starter-kit": "^2",
        "highlight.js": "^11",
        "prismjs": "^1"
      },
      "peerDependenciesMeta": {
        "@tiptap/core": {
          "optional": true
        },
        "@tiptap/extension-underline": {
          "optional": true
        },
        "@tiptap/starter-kit": {
          "optional": true
        },
        "highlight.js": {
          "optional": true
        },
        "prismjs": {
          "optional": true
        }
      }
    }
  }
}
